github.com/gen2brain/malgo v0.11.25 h1:g0eMVeZIBvMRBbkVSR8p7ZafGFbxBcQERPa1GKHkg34=
github.com/gen2brain/malgo v0.11.25/go.mod h1:xLVG3ROA33Bzol1quF3e4ehqcFuqh8QK4B8T6LQUs/M=
github.com/gvalkov/golang-evdev v0.0.0-20220815104727-7e27d6ce89b6 h1:K9b8efT9f1NkITNgNAm2A1LuoamhG4pAhXVjz5Sfa5Q=
github.com/gvalkov/golang-evdev v0.0.0-20220815104727-7e27d6ce89b6/go.mod h1:SAzVFKCRezozJTGavF3GX8MBUruETCqzivVLYiywouA=
github.com/hraban/opus v0.0.0-20230925203106-0188a62cb302 h1:K7bmEmIesLcvCW0Ic2rCk6LtP5++nTnPmrO8mg5umlA=
github.com/hraban/opus v0.0.0-20230925203106-0188a62cb302/go.mod h1:YQQXrWHN3JEvCtw5ImyTCcPeU/ZLo/YMA+TpB64XdrU=
github.com/sstallion/go-hid v0.15.0 h1:WERW/VW3Us6N73V2qa7HjdqWQvwHd0CoRDOP/N707/w=
github.com/sstallion/go-hid v0.15.0/go.mod h1:fPKp4rqx0xuoTV94gwKojsPG++KNKhxuU88goGuGM7I=
golang.org/x/sys v0.8.0 h1:EBmGv8NaZBZTWvrbjNoL6HVt+IVy3QDQpJs7VRIw3tU=
golang.org/x/sys v0.8.0/go.mod h1:oPkhp1MJrh7nUepCBck5+mAzfO9JrbApNNgaTdGDITg=
